{
	"name": "@seaborg/core",
	"version": "0.2.0",
	"lockfileVersion": 1,
	"requires": true,
	"dependencies": {
		"@rgrove/parse-xml": {
			"version": "2.0.1",
			"resolved": "https://registry.npmjs.org/@rgrove/parse-xml/-/parse-xml-2.0.1.tgz",
			"integrity": "sha512-no7j8h1KGbSL00iGqHLIPE2Z7MxOAEACgApA+9zPv3NTast9+0IrnDo+ZFEp9pq5k4e1YcffF/4haJJhS8ebXw=="
		},
		"core-js": {
			"version": "3.3.5",
			"resolved": "https://registry.npmjs.org/core-js/-/core-js-3.3.5.tgz",
			"integrity": "sha512-0J3K+Par/ZydhKg8pEiTcK/9d65/nqJOzY62uMkjeBmt05fDOt/khUVjDdh8TpeIuGQDy1yLDDCjiWN/8pFIuw=="
		},
		"ts-polyfill": {
			"version": "3.5.3",
			"resolved": "https://registry.npmjs.org/ts-polyfill/-/ts-polyfill-3.5.3.tgz",
			"integrity": "sha512-sEMZGBnCnVOkQmK1qBlt/PyHIrdzhl5FKE/SvgSn8GSiZlFBGvMIK+594A3TJ5GHbYIjYK9+V/2ELB3fz99X/A==",
			"requires": {
				"core-js": "^3.2.1"
			}
		}
	}
}
